
Microsoft Visual Studio Solution File, Format Version 12.00
# Visual Studio Version 16
VisualStudioVersion = 16.0.810.18
MinimumVisualStudioVersion = 10.0.40219.1
Project("{FAE04EC0-301F-11D3-BF4B-00C04F79EFBC}") = "Bookstore", "Bookstore\Bookstore.csproj", "{B643A7A8-B9E5-4EF6-87FB-BFEF63E68A66}"
EndProject
Global
	GlobalSection(SolutionConfigurationPlatforms) = preSolution
		Debug|Any CPU = Debug|Any CPU
		Release|Any CPU = Release|Any CPU
	EndGlobalSection
	GlobalSection(ProjectConfigurationPlatforms) = postSolution
		{B643A7A8-B9E5-4EF6-87FB-BFEF63E68A66}.Debug|Any CPU.ActiveCfg = Debug|Any CPU
		{B643A7A8-B9E5-4EF6-87FB-BFEF63E68A66}.Debug|Any CPU.Build.0 = Debug|Any CPU
		{B643A7A8-B9E5-4EF6-87FB-BFEF63E68A66}.Release|Any CPU.ActiveCfg = Release|Any CPU
		{B643A7A8-B9E5-4EF6-87FB-BFEF63E68A66}.Release|Any CPU.Build.0 = Release|Any CPU
	EndGlobalSection
	GlobalSection(SolutionProperties) = preSolution
		HideSolutionNode = FALSE
	EndGlobalSection
	GlobalSection(ExtensibilityGlobals) = postSolution
		SolutionGuid = {A2766ECB-CB7B-41AF-9B5A-C3882B8BA9CD}
	EndGlobalSection
EndGlobal
